
Microsoft Visual Studio Solution File, Format Version 12.00
# Visual Studio Version 16
VisualStudioVersion = 16.0.30907.101
MinimumVisualStudioVersion = 10.0.40219.1
Project("{FAE04EC0-301F-11D3-BF4B-00C04F79EFBC}") = "Framily Fracas", "Framily Fracas\Framily Fracas.csproj", "{292774D5-7F94-4469-951F-D77F44245698}"
EndProject
Global
	GlobalSection(SolutionConfigurationPlatforms) = preSolution
		Debug|Any CPU = Debug|Any CPU
		Release|Any CPU = Release|Any CPU
	EndGlobalSection
	GlobalSection(ProjectConfigurationPlatforms) = postSolution
		{292774D5-7F94-4469-951F-D77F44245698}.Debug|Any CPU.ActiveCfg = Debug|Any CPU
		{292774D5-7F94-4469-951F-D77F44245698}.Debug|Any CPU.Build.0 = Debug|Any CPU
		{292774D5-7F94-4469-951F-D77F44245698}.Release|Any CPU.ActiveCfg = Release|Any CPU
		{292774D5-7F94-4469-951F-D77F44245698}.Release|Any CPU.Build.0 = Release|Any CPU
	EndGlobalSection
	GlobalSection(SolutionProperties) = preSolution
		HideSolutionNode = FALSE
	EndGlobalSection
	GlobalSection(ExtensibilityGlobals) = postSolution
		SolutionGuid = {BAA42361-A72A-4B12-9D77-3FD1AFEEC229}
	EndGlobalSection
EndGlobal
